
Microsoft Visual Studio Solution File, Format Version 12.00
# Visual Studio Version 17
VisualStudioVersion = 17.5.33530.505
MinimumVisualStudioVersion = 10.0.40219.1
Project("{2150E333-8FDC-42A3-9474-1A3956D46DE8}") = "CreationalPatterns", "CreationalPatterns", "{25C60CCC-1367-4DF7-AD71-3DE47BF250CD}"
EndProject
Project("{2150E333-8FDC-42A3-9474-1A3956D46DE8}") = "StructuralPatterns", "StructuralPatterns", "{00F292D2-A606-40FC-8E29-E92C136FA034}"
EndProject
Project("{2150E333-8FDC-42A3-9474-1A3956D46DE8}") = "BehavioralPatterns", "BehavioralPatterns", "{7A5EA82E-9EEE-4709-9D04-490C0B49236D}"
EndProject
Project("{9A19103F-16F7-4668-BE54-9A1E7A4F7556}") = "FactoryMethodPattern", "FactoryMethodPattern\FactoryMethodPattern.csproj", "{9FFC0D11-546B-448A-B80F-6CF592A3B687}"
EndProject
Project("{9A19103F-16F7-4668-BE54-9A1E7A4F7556}") = "AbstractFactoryPattern", "AbstractFactoryPattern\AbstractFactoryPattern.csproj", "{A550D9E3-FC0E-45C4-82D9-E9B64BA11E68}"
EndProject
Project("{9A19103F-16F7-4668-BE54-9A1E7A4F7556}") = "BuilderPattern", "BuilderPattern\BuilderPattern.csproj", "{33823142-5B5C-4FB2-BC96-26905A8FE061}"
EndProject
Project("{9A19103F-16F7-4668-BE54-9A1E7A4F7556}") = "ProtoPattern", "ProtoPattern\ProtoPattern.csproj", "{917A4CF5-8777-41C9-97F0-AA22A1C4D381}"
EndProject
Project("{9A19103F-16F7-4668-BE54-9A1E7A4F7556}") = "SingletonPattern", "SingletonPattern\SingletonPattern.csproj", "{626AEBB6-D145-42A6-A279-281822170018}"
EndProject
Project("{9A19103F-16F7-4668-BE54-9A1E7A4F7556}") = "AdapterPattern", "AdapterPattern\AdapterPattern.csproj", "{C576A7B8-773E-480E-A61D-73894C85C3E7}"
EndProject
Project("{9A19103F-16F7-4668-BE54-9A1E7A4F7556}") = "BridgePattern", "BridgePattern\BridgePattern.csproj", "{BC6A17F2-146B-4CEE-94F9-8981EE9E254E}"
EndProject
Project("{9A19103F-16F7-4668-BE54-9A1E7A4F7556}") = "CompositePattern", "CompositePattern\CompositePattern.csproj", "{A7843D2D-F970-4C97-9932-B37580B6DED3}"
EndProject
Project("{9A19103F-16F7-4668-BE54-9A1E7A4F7556}") = "DecoratorPattern", "DecoratorPattern\DecoratorPattern.csproj", "{A3F56071-583B-4906-BCE2-D8A8153BB5E2}"
EndProject
Project("{9A19103F-16F7-4668-BE54-9A1E7A4F7556}") = "FacadePattern", "FacadePattern\FacadePattern.csproj", "{1D5FEC4B-8DF5-4463-AD69-B899EB280961}"
EndProject
Project("{9A19103F-16F7-4668-BE54-9A1E7A4F7556}") = "ProxyPattern", "ProxyPattern\ProxyPattern.csproj", "{86D983B9-538C-475D-9BC8-FB1CF1A3C499}"
EndProject
Project("{9A19103F-16F7-4668-BE54-9A1E7A4F7556}") = "FlyweightPattern", "FlyweightPattern\FlyweightPattern.csproj", "{F641191D-2EE8-4E74-B02F-D7FE376E2ED4}"
EndProject
Project("{9A19103F-16F7-4668-BE54-9A1E7A4F7556}") = "ChainOfResponsibilityPattern", "ChainOfResponsibilityPattern\ChainOfResponsibilityPattern.csproj", "{95CF2C5E-267A-489A-AD25-5375063D3055}"
EndProject
Project("{9A19103F-16F7-4668-BE54-9A1E7A4F7556}") = "CommandPattern", "CommandPattern\CommandPattern.csproj", "{1C7BD403-18B6-473A-B82A-672922C1CFE6}"
EndProject
Project("{9A19103F-16F7-4668-BE54-9A1E7A4F7556}") = "IteratorPattern", "IteratorPattern\IteratorPattern.csproj", "{770562C6-E403-49E7-96F1-EBED47A8575D}"
EndProject
Project("{9A19103F-16F7-4668-BE54-9A1E7A4F7556}") = "MediatorPattern", "MediatorPattern\MediatorPattern.csproj", "{B56E95BC-5670-44E8-9299-4CA06231F130}"
EndProject
Project("{9A19103F-16F7-4668-BE54-9A1E7A4F7556}") = "MementoPattern", "MementoPattern\MementoPattern.csproj", "{F6FD57FE-6200-4450-9C4C-433FAEDA9211}"
EndProject
Project("{9A19103F-16F7-4668-BE54-9A1E7A4F7556}") = "ObserverPattern", "ObserverPattern\ObserverPattern.csproj", "{2D8CB3C2-9B4E-42EB-AAC9-2ABC679C49DC}"
EndProject
Project("{9A19103F-16F7-4668-BE54-9A1E7A4F7556}") = "StatePattern", "StatePattern\StatePattern.csproj", "{AF6DA498-1C40-4D69-8459-BF9113EF63C1}"
EndProject
Project("{FAE04EC0-301F-11D3-BF4B-00C04F79EFBC}") = "StrategyPattern", "StrategyPattern\StrategyPattern.csproj", "{CB7F6DD1-7F79-433E-B4D4-5E8707E45071}"
EndProject
Global
	GlobalSection(SolutionConfigurationPlatforms) = preSolution
		Debug|Any CPU = Debug|Any CPU
		Release|Any CPU = Release|Any CPU
	EndGlobalSection
	GlobalSection(ProjectConfigurationPlatforms) = postSolution
		{9FFC0D11-546B-448A-B80F-6CF592A3B687}.Debug|Any CPU.ActiveCfg = Debug|Any CPU
		{9FFC0D11-546B-448A-B80F-6CF592A3B687}.Debug|Any CPU.Build.0 = Debug|Any CPU
		{9FFC0D11-546B-448A-B80F-6CF592A3B687}.Release|Any CPU.ActiveCfg = Release|Any CPU
		{9FFC0D11-546B-448A-B80F-6CF592A3B687}.Release|Any CPU.Build.0 = Release|Any CPU
		{A550D9E3-FC0E-45C4-82D9-E9B64BA11E68}.Debug|Any CPU.ActiveCfg = Debug|Any CPU
		{A550D9E3-FC0E-45C4-82D9-E9B64BA11E68}.Debug|Any CPU.Build.0 = Debug|Any CPU
		{A550D9E3-FC0E-45C4-82D9-E9B64BA11E68}.Release|Any CPU.ActiveCfg = Release|Any CPU
		{A550D9E3-FC0E-45C4-82D9-E9B64BA11E68}.Release|Any CPU.Build.0 = Release|Any CPU
		{33823142-5B5C-4FB2-BC96-26905A8FE061}.Debug|Any CPU.ActiveCfg = Debug|Any CPU
		{33823142-5B5C-4FB2-BC96-26905A8FE061}.Debug|Any CPU.Build.0 = Debug|Any CPU
		{33823142-5B5C-4FB2-BC96-26905A8FE061}.Release|Any CPU.ActiveCfg = Release|Any CPU
		{33823142-5B5C-4FB2-BC96-26905A8FE061}.Release|Any CPU.Build.0 = Release|Any CPU
		{917A4CF5-8777-41C9-97F0-AA22A1C4D381}.Debug|Any CPU.ActiveCfg = Debug|Any CPU
		{917A4CF5-8777-41C9-97F0-AA22A1C4D381}.Debug|Any CPU.Build.0 = Debug|Any CPU
		{917A4CF5-8777-41C9-97F0-AA22A1C4D381}.Release|Any CPU.ActiveCfg = Release|Any CPU
		{917A4CF5-8777-41C9-97F0-AA22A1C4D381}.Release|Any CPU.Build.0 = Release|Any CPU
		{626AEBB6-D145-42A6-A279-281822170018}.Debug|Any CPU.ActiveCfg = Debug|Any CPU
		{626AEBB6-D145-42A6-A279-281822170018}.Debug|Any CPU.Build.0 = Debug|Any CPU
		{626AEBB6-D145-42A6-A279-281822170018}.Release|Any CPU.ActiveCfg = Release|Any CPU
		{626AEBB6-D145-42A6-A279-281822170018}.Release|Any CPU.Build.0 = Release|Any CPU
		{C576A7B8-773E-480E-A61D-73894C85C3E7}.Debug|Any CPU.ActiveCfg = Debug|Any CPU
		{C576A7B8-773E-480E-A61D-73894C85C3E7}.Debug|Any CPU.Build.0 = Debug|Any CPU
		{C576A7B8-773E-480E-A61D-73894C85C3E7}.Release|Any CPU.ActiveCfg = Release|Any CPU
		{C576A7B8-773E-480E-A61D-73894C85C3E7}.Release|Any CPU.Build.0 = Release|Any CPU
		{BC6A17F2-146B-4CEE-94F9-8981EE9E254E}.Debug|Any CPU.ActiveCfg = Debug|Any CPU
		{BC6A17F2-146B-4CEE-94F9-8981EE9E254E}.Debug|Any CPU.Build.0 = Debug|Any CPU
		{BC6A17F2-146B-4CEE-94F9-8981EE9E254E}.Release|Any CPU.ActiveCfg = Release|Any CPU
		{BC6A17F2-146B-4CEE-94F9-8981EE9E254E}.Release|Any CPU.Build.0 = Release|Any CPU
		{A7843D2D-F970-4C97-9932-B37580B6DED3}.Debug|Any CPU.ActiveCfg = Debug|Any CPU
		{A7843D2D-F970-4C97-9932-B37580B6DED3}.Debug|Any CPU.Build.0 = Debug|Any CPU
		{A7843D2D-F970-4C97-9932-B37580B6DED3}.Release|Any CPU.ActiveCfg = Release|Any CPU
		{A7843D2D-F970-4C97-9932-B37580B6DED3}.Release|Any CPU.Build.0 = Release|Any CPU
		{A3F56071-583B-4906-BCE2-D8A8153BB5E2}.Debug|Any CPU.ActiveCfg = Debug|Any CPU
		{A3F56071-583B-4906-BCE2-D8A8153BB5E2}.Debug|Any CPU.Build.0 = Debug|Any CPU
		{A3F56071-583B-4906-BCE2-D8A8153BB5E2}.Release|Any CPU.ActiveCfg = Release|Any CPU
		{A3F56071-583B-4906-BCE2-D8A8153BB5E2}.Release|Any CPU.Build.0 = Release|Any CPU
		{1D5FEC4B-8DF5-4463-AD69-B899EB280961}.Debug|Any CPU.ActiveCfg = Debug|Any CPU
		{1D5FEC4B-8DF5-4463-AD69-B899EB280961}.Debug|Any CPU.Build.0 = Debug|Any CPU
		{1D5FEC4B-8DF5-4463-AD69-B899EB280961}.Release|Any CPU.ActiveCfg = Release|Any CPU
		{1D5FEC4B-8DF5-4463-AD69-B899EB280961}.Release|Any CPU.Build.0 = Release|Any CPU
		{86D983B9-538C-475D-9BC8-FB1CF1A3C499}.Debug|Any CPU.ActiveCfg = Debug|Any CPU
		{86D983B9-538C-475D-9BC8-FB1CF1A3C499}.Debug|Any CPU.Build.0 = Debug|Any CPU
		{86D983B9-538C-475D-9BC8-FB1CF1A3C499}.Release|Any CPU.ActiveCfg = Release|Any CPU
		{86D983B9-538C-475D-9BC8-FB1CF1A3C499}.Release|Any CPU.Build.0 = Release|Any CPU
		{F641191D-2EE8-4E74-B02F-D7FE376E2ED4}.Debug|Any CPU.ActiveCfg = Debug|Any CPU
		{F641191D-2EE8-4E74-B02F-D7FE376E2ED4}.Debug|Any CPU.Build.0 = Debug|Any CPU
		{F641191D-2EE8-4E74-B02F-D7FE376E2ED4}.Release|Any CPU.ActiveCfg = Release|Any CPU
		{F641191D-2EE8-4E74-B02F-D7FE376E2ED4}.Release|Any CPU.Build.0 = Release|Any CPU
		{95CF2C5E-267A-489A-AD25-5375063D3055}.Debug|Any CPU.ActiveCfg = Debug|Any CPU
		{95CF2C5E-267A-489A-AD25-5375063D3055}.Debug|Any CPU.Build.0 = Debug|Any CPU
		{95CF2C5E-267A-489A-AD25-5375063D3055}.Release|Any CPU.ActiveCfg = Release|Any CPU
		{95CF2C5E-267A-489A-AD25-5375063D3055}.Release|Any CPU.Build.0 = Release|Any CPU
		{1C7BD403-18B6-473A-B82A-672922C1CFE6}.Debug|Any CPU.ActiveCfg = Debug|Any CPU
		{1C7BD403-18B6-473A-B82A-672922C1CFE6}.Debug|Any CPU.Build.0 = Debug|Any CPU
		{1C7BD403-18B6-473A-B82A-672922C1CFE6}.Release|Any CPU.ActiveCfg = Release|Any CPU
		{1C7BD403-18B6-473A-B82A-672922C1CFE6}.Release|Any CPU.Build.0 = Release|Any CPU
		{770562C6-E403-49E7-96F1-EBED47A8575D}.Debug|Any CPU.ActiveCfg = Debug|Any CPU
		{770562C6-E403-49E7-96F1-EBED47A8575D}.Debug|Any CPU.Build.0 = Debug|Any CPU
		{770562C6-E403-49E7-96F1-EBED47A8575D}.Release|Any CPU.ActiveCfg = Release|Any CPU
		{770562C6-E403-49E7-96F1-EBED47A8575D}.Release|Any CPU.Build.0 = Release|Any CPU
		{B56E95BC-5670-44E8-9299-4CA06231F130}.Debug|Any CPU.ActiveCfg = Debug|Any CPU
		{B56E95BC-5670-44E8-9299-4CA06231F130}.Debug|Any CPU.Build.0 = Debug|Any CPU
		{B56E95BC-5670-44E8-9299-4CA06231F130}.Release|Any CPU.ActiveCfg = Release|Any CPU
		{B56E95BC-5670-44E8-9299-4CA06231F130}.Release|Any CPU.Build.0 = Release|Any CPU
		{F6FD57FE-6200-4450-9C4C-433FAEDA9211}.Debug|Any CPU.ActiveCfg = Debug|Any CPU
		{F6FD57FE-6200-4450-9C4C-433FAEDA9211}.Debug|Any CPU.Build.0 = Debug|Any CPU
		{F6FD57FE-6200-4450-9C4C-433FAEDA9211}.Release|Any CPU.ActiveCfg = Release|Any CPU
		{F6FD57FE-6200-4450-9C4C-433FAEDA9211}.Release|Any CPU.Build.0 = Release|Any CPU
		{2D8CB3C2-9B4E-42EB-AAC9-2ABC679C49DC}.Debug|Any CPU.ActiveCfg = Debug|Any CPU
		{2D8CB3C2-9B4E-42EB-AAC9-2ABC679C49DC}.Debug|Any CPU.Build.0 = Debug|Any CPU
		{2D8CB3C2-9B4E-42EB-AAC9-2ABC679C49DC}.Release|Any CPU.ActiveCfg = Release|Any CPU
		{2D8CB3C2-9B4E-42EB-AAC9-2ABC679C49DC}.Release|Any CPU.Build.0 = Release|Any CPU
		{AF6DA498-1C40-4D69-8459-BF9113EF63C1}.Debug|Any CPU.ActiveCfg = Debug|Any CPU
		{AF6DA498-1C40-4D69-8459-BF9113EF63C1}.Debug|Any CPU.Build.0 = Debug|Any CPU
		{AF6DA498-1C40-4D69-8459-BF9113EF63C1}.Release|Any CPU.ActiveCfg = Release|Any CPU
		{AF6DA498-1C40-4D69-8459-BF9113EF63C1}.Release|Any CPU.Build.0 = Release|Any CPU
		{CB7F6DD1-7F79-433E-B4D4-5E8707E45071}.Debug|Any CPU.ActiveCfg = Debug|Any CPU
		{CB7F6DD1-7F79-433E-B4D4-5E8707E45071}.Debug|Any CPU.Build.0 = Debug|Any CPU
		{CB7F6DD1-7F79-433E-B4D4-5E8707E45071}.Release|Any CPU.ActiveCfg = Release|Any CPU
		{CB7F6DD1-7F79-433E-B4D4-5E8707E45071}.Release|Any CPU.Build.0 = Release|Any CPU
	EndGlobalSection
	GlobalSection(SolutionProperties) = preSolution
		HideSolutionNode = FALSE
	EndGlobalSection
	GlobalSection(NestedProjects) = preSolution
		{9FFC0D11-546B-448A-B80F-6CF592A3B687} = {25C60CCC-1367-4DF7-AD71-3DE47BF250CD}
		{A550D9E3-FC0E-45C4-82D9-E9B64BA11E68} = {25C60CCC-1367-4DF7-AD71-3DE47BF250CD}
		{33823142-5B5C-4FB2-BC96-26905A8FE061} = {25C60CCC-1367-4DF7-AD71-3DE47BF250CD}
		{917A4CF5-8777-41C9-97F0-AA22A1C4D381} = {25C60CCC-1367-4DF7-AD71-3DE47BF250CD}
		{626AEBB6-D145-42A6-A279-281822170018} = {25C60CCC-1367-4DF7-AD71-3DE47BF250CD}
		{C576A7B8-773E-480E-A61D-73894C85C3E7} = {00F292D2-A606-40FC-8E29-E92C136FA034}
		{BC6A17F2-146B-4CEE-94F9-8981EE9E254E} = {00F292D2-A606-40FC-8E29-E92C136FA034}
		{A7843D2D-F970-4C97-9932-B37580B6DED3} = {00F292D2-A606-40FC-8E29-E92C136FA034}
		{A3F56071-583B-4906-BCE2-D8A8153BB5E2} = {00F292D2-A606-40FC-8E29-E92C136FA034}
		{1D5FEC4B-8DF5-4463-AD69-B899EB280961} = {00F292D2-A606-40FC-8E29-E92C136FA034}
		{86D983B9-538C-475D-9BC8-FB1CF1A3C499} = {00F292D2-A606-40FC-8E29-E92C136FA034}
		{F641191D-2EE8-4E74-B02F-D7FE376E2ED4} = {00F292D2-A606-40FC-8E29-E92C136FA034}
		{95CF2C5E-267A-489A-AD25-5375063D3055} = {7A5EA82E-9EEE-4709-9D04-490C0B49236D}
		{1C7BD403-18B6-473A-B82A-672922C1CFE6} = {7A5EA82E-9EEE-4709-9D04-490C0B49236D}
		{770562C6-E403-49E7-96F1-EBED47A8575D} = {7A5EA82E-9EEE-4709-9D04-490C0B49236D}
		{B56E95BC-5670-44E8-9299-4CA06231F130} = {7A5EA82E-9EEE-4709-9D04-490C0B49236D}
		{F6FD57FE-6200-4450-9C4C-433FAEDA9211} = {7A5EA82E-9EEE-4709-9D04-490C0B49236D}
		{2D8CB3C2-9B4E-42EB-AAC9-2ABC679C49DC} = {7A5EA82E-9EEE-4709-9D04-490C0B49236D}
		{AF6DA498-1C40-4D69-8459-BF9113EF63C1} = {7A5EA82E-9EEE-4709-9D04-490C0B49236D}
		{CB7F6DD1-7F79-433E-B4D4-5E8707E45071} = {7A5EA82E-9EEE-4709-9D04-490C0B49236D}
	EndGlobalSection
	GlobalSection(ExtensibilityGlobals) = postSolution
		SolutionGuid = {E9845870-F6B2-411A-AC4D-FA1D80997AA2}
	EndGlobalSection
EndGlobal
